<Solution>
  <Folder Name="/src/">
    <Project Path="src/Remates.Api/Remates.Api.csproj" />
    <Project Path="src/Remates.Domain/Remates.Domain.csproj" />
    <Project Path="src/Remates.Infrastructure/Remates.Infrastructure.csproj" />
  </Folder>
  <Folder Name="/tests/">
    <Project Path="tests/Remates.Domain.Tests/Remates.Domain.Tests.csproj" />
  </Folder>
  <Folder Name="/tools/">
    <Project Path="tools/Remates.LogoTracer/Remates.LogoTracer.csproj" />
  </Folder>
</Solution>
